
Microsoft Visual Studio Solution File, Format Version 12.00
# Visual Studio Version 16
VisualStudioVersion = 16.0.31025.194
MinimumVisualStudioVersion = 10.0.40219.1
Project("{FAE04EC0-301F-11D3-BF4B-00C04F79EFBC}") = "Aplikasi Kalkulator", "Aplikasi Kalkulator\Aplikasi Kalkulator.csproj", "{11BF2F30-6DEB-44FA-80C1-64C42C449A26}"
EndProject
Global
	GlobalSection(SolutionConfigurationPlatforms) = preSolution
		Debug|Any CPU = Debug|Any CPU
		Release|Any CPU = Release|Any CPU
	EndGlobalSection
	GlobalSection(ProjectConfigurationPlatforms) = postSolution
		{11BF2F30-6DEB-44FA-80C1-64C42C449A26}.Debug|Any CPU.ActiveCfg = Debug|Any CPU
		{11BF2F30-6DEB-44FA-80C1-64C42C449A26}.Debug|Any CPU.Build.0 = Debug|Any CPU
		{11BF2F30-6DEB-44FA-80C1-64C42C449A26}.Release|Any CPU.ActiveCfg = Release|Any CPU
		{11BF2F30-6DEB-44FA-80C1-64C42C449A26}.Release|Any CPU.Build.0 = Release|Any CPU
	EndGlobalSection
	GlobalSection(SolutionProperties) = preSolution
		HideSolutionNode = FALSE
	EndGlobalSection
	GlobalSection(ExtensibilityGlobals) = postSolution
		SolutionGuid = {B904EE90-8FF5-41FF-86AF-485B2E9BC703}
	EndGlobalSection
EndGlobal
